
Microsoft Visual Studio Solution File, Format Version 12.00
# Visual Studio 15
VisualStudioVersion = 15.0.27130.2010
MinimumVisualStudioVersion = 10.0.40219.1
Project("{FAE04EC0-301F-11D3-BF4B-00C04F79EFBC}") = "LunchBoxApp.Android", "LunchBoxApp\LunchBoxApp.Android\LunchBoxApp.Android.csproj", "{B246F80C-B595-4274-A0E2-13528190C090}"
EndProject
Project("{FAE04EC0-301F-11D3-BF4B-00C04F79EFBC}") = "LunchBoxApp.iOS", "LunchBoxApp\LunchBoxApp.iOS\LunchBoxApp.iOS.csproj", "{71D07743-5CC2-4D33-AB95-6A3F7BA90FE7}"
EndProject
Project("{FAE04EC0-301F-11D3-BF4B-00C04F79EFBC}") = "LunchBoxApp.UWP", "LunchBoxApp\LunchBoxApp.UWP\LunchBoxApp.UWP.csproj", "{0676C624-B35E-4469-917A-B4F5B7CAEF2D}"
EndProject
Project("{FAE04EC0-301F-11D3-BF4B-00C04F79EFBC}") = "LunchBoxApp", "LunchBoxApp\LunchBoxApp\LunchBoxApp.csproj", "{17433460-8039-4DEE-977B-BCC5A62A89BE}"
EndProject
Global
	GlobalSection(SolutionConfigurationPlatforms) = preSolution
		Ad-Hoc|Any CPU = Ad-Hoc|Any CPU
		Ad-Hoc|ARM = Ad-Hoc|ARM
		Ad-Hoc|iPhone = Ad-Hoc|iPhone
		Ad-Hoc|iPhoneSimulator = Ad-Hoc|iPhoneSimulator
		Ad-Hoc|x64 = Ad-Hoc|x64
		Ad-Hoc|x86 = Ad-Hoc|x86
		AppStore|Any CPU = AppStore|Any CPU
		AppStore|ARM = AppStore|ARM
		AppStore|iPhone = AppStore|iPhone
		AppStore|iPhoneSimulator = AppStore|iPhoneSimulator
		AppStore|x64 = AppStore|x64
		AppStore|x86 = AppStore|x86
		Debug|Any CPU = Debug|Any CPU
		Debug|ARM = Debug|ARM
		Debug|iPhone = Debug|iPhone
		Debug|iPhoneSimulator = Debug|iPhoneSimulator
		Debug|x64 = Debug|x64
		Debug|x86 = Debug|x86
		Release|Any CPU = Release|Any CPU
		Release|ARM = Release|ARM
		Release|iPhone = Release|iPhone
		Release|iPhoneSimulator = Release|iPhoneSimulator
		Release|x64 = Release|x64
		Release|x86 = Release|x86
	EndGlobalSection
	GlobalSection(ProjectConfigurationPlatforms) = postSolution
		{B246F80C-B595-4274-A0E2-13528190C090}.Ad-Hoc|Any CPU.ActiveCfg = Release|Any CPU
		{B246F80C-B595-4274-A0E2-13528190C090}.Ad-Hoc|Any CPU.Build.0 = Release|Any CPU
		{B246F80C-B595-4274-A0E2-13528190C090}.Ad-Hoc|Any CPU.Deploy.0 = Release|Any CPU
		{B246F80C-B595-4274-A0E2-13528190C090}.Ad-Hoc|ARM.ActiveCfg = Release|Any CPU
		{B246F80C-B595-4274-A0E2-13528190C090}.Ad-Hoc|ARM.Build.0 = Release|Any CPU
		{B246F80C-B595-4274-A0E2-13528190C090}.Ad-Hoc|ARM.Deploy.0 = Release|Any CPU
		{B246F80C-B595-4274-A0E2-13528190C090}.Ad-Hoc|iPhone.ActiveCfg = Release|Any CPU
		{B246F80C-B595-4274-A0E2-13528190C090}.Ad-Hoc|iPhone.Build.0 = Release|Any CPU
		{B246F80C-B595-4274-A0E2-13528190C090}.Ad-Hoc|iPhone.Deploy.0 = Release|Any CPU
		{B246F80C-B595-4274-A0E2-13528190C090}.Ad-Hoc|iPhoneSimulator.ActiveCfg = Release|Any CPU
		{B246F80C-B595-4274-A0E2-13528190C090}.Ad-Hoc|iPhoneSimulator.Build.0 = Release|Any CPU
		{B246F80C-B595-4274-A0E2-13528190C090}.Ad-Hoc|iPhoneSimulator.Deploy.0 = Release|Any CPU
		{B246F80C-B595-4274-A0E2-13528190C090}.Ad-Hoc|x64.ActiveCfg = Release|Any CPU
		{B246F80C-B595-4274-A0E2-13528190C090}.Ad-Hoc|x64.Build.0 = Release|Any CPU
		{B246F80C-B595-4274-A0E2-13528190C090}.Ad-Hoc|x64.Deploy.0 = Release|Any CPU
		{B246F80C-B595-4274-A0E2-13528190C090}.Ad-Hoc|x86.ActiveCfg = Release|Any CPU
		{B246F80C-B595-4274-A0E2-13528190C090}.Ad-Hoc|x86.Build.0 = Release|Any CPU
		{B246F80C-B595-4274-A0E2-13528190C090}.Ad-Hoc|x86.Deploy.0 = Release|Any CPU
		{B246F80C-B595-4274-A0E2-13528190C090}.AppStore|Any CPU.ActiveCfg = Release|Any CPU
		{B246F80C-B595-4274-A0E2-13528190C090}.AppStore|Any CPU.Build.0 = Release|Any CPU
		{B246F80C-B595-4274-A0E2-13528190C090}.AppStore|Any CPU.Deploy.0 = Release|Any CPU
		{B246F80C-B595-4274-A0E2-13528190C090}.AppStore|ARM.ActiveCfg = Release|Any CPU
		{B246F80C-B595-4274-A0E2-13528190C090}.AppStore|ARM.Build.0 = Release|Any CPU
		{B246F80C-B595-4274-A0E2-13528190C090}.AppStore|ARM.Deploy.0 = Release|Any CPU
		{B246F80C-B595-4274-A0E2-13528190C090}.AppStore|iPhone.ActiveCfg = Release|Any CPU
		{B246F80C-B595-4274-A0E2-13528190C090}.AppStore|iPhone.Build.0 = Release|Any CPU
		{B246F80C-B595-4274-A0E2-13528190C090}.AppStore|iPhone.Deploy.0 = Release|Any CPU
		{B246F80C-B595-4274-A0E2-13528190C090}.AppStore|iPhoneSimulator.ActiveCfg = Release|Any CPU
		{B246F80C-B595-4274-A0E2-13528190C090}.AppStore|iPhoneSimulator.Build.0 = Release|Any CPU
		{B246F80C-B595-4274-A0E2-13528190C090}.AppStore|iPhoneSimulator.Deploy.0 = Release|Any CPU
		{B246F80C-B595-4274-A0E2-13528190C090}.AppStore|x64.ActiveCfg = Release|Any CPU
		{B246F80C-B595-4274-A0E2-13528190C090}.AppStore|x64.Build.0 = Release|Any CPU
		{B246F80C-B595-4274-A0E2-13528190C090}.AppStore|x64.Deploy.0 = Release|Any CPU
		{B246F80C-B595-4274-A0E2-13528190C090}.AppStore|x86.ActiveCfg = Release|Any CPU
		{B246F80C-B595-4274-A0E2-13528190C090}.AppStore|x86.Build.0 = Release|Any CPU
		{B246F80C-B595-4274-A0E2-13528190C090}.AppStore|x86.Deploy.0 = Release|Any CPU
		{B246F80C-B595-4274-A0E2-13528190C090}.Debug|Any CPU.ActiveCfg = Debug|Any CPU
		{B246F80C-B595-4274-A0E2-13528190C090}.Debug|Any CPU.Build.0 = Debug|Any CPU
		{B246F80C-B595-4274-A0E2-13528190C090}.Debug|Any CPU.Deploy.0 = Debug|Any CPU
		{B246F80C-B595-4274-A0E2-13528190C090}.Debug|ARM.ActiveCfg = Debug|Any CPU
		{B246F80C-B595-4274-A0E2-13528190C090}.Debug|ARM.Build.0 = Debug|Any CPU
		{B246F80C-B595-4274-A0E2-13528190C090}.Debug|ARM.Deploy.0 = Debug|Any CPU
		{B246F80C-B595-4274-A0E2-13528190C090}.Debug|iPhone.ActiveCfg = Debug|Any CPU
		{B246F80C-B595-4274-A0E2-13528190C090}.Debug|iPhone.Build.0 = Debug|Any CPU
		{B246F80C-B595-4274-A0E2-13528190C090}.Debug|iPhone.Deploy.0 = Debug|Any CPU
		{B246F80C-B595-4274-A0E2-13528190C090}.Debug|iPhoneSimulator.ActiveCfg = Debug|Any CPU
		{B246F80C-B595-4274-A0E2-13528190C090}.Debug|iPhoneSimulator.Build.0 = Debug|Any CPU
		{B246F80C-B595-4274-A0E2-13528190C090}.Debug|iPhoneSimulator.Deploy.0 = Debug|Any CPU
		{B246F80C-B595-4274-A0E2-13528190C090}.Debug|x64.ActiveCfg = Debug|Any CPU
		{B246F80C-B595-4274-A0E2-13528190C090}.Debug|x64.Build.0 = Debug|Any CPU
		{B246F80C-B595-4274-A0E2-13528190C090}.Debug|x64.Deploy.0 = Debug|Any CPU
		{B246F80C-B595-4274-A0E2-13528190C090}.Debug|x86.ActiveCfg = Debug|Any CPU
		{B246F80C-B595-4274-A0E2-13528190C090}.Debug|x86.Build.0 = Debug|Any CPU
		{B246F80C-B595-4274-A0E2-13528190C090}.Debug|x86.Deploy.0 = Debug|Any CPU
		{B246F80C-B595-4274-A0E2-13528190C090}.Release|Any CPU.ActiveCfg = Release|Any CPU
		{B246F80C-B595-4274-A0E2-13528190C090}.Release|Any CPU.Build.0 = Release|Any CPU
		{B246F80C-B595-4274-A0E2-13528190C090}.Release|Any CPU.Deploy.0 = Release|Any CPU
		{B246F80C-B595-4274-A0E2-13528190C090}.Release|ARM.ActiveCfg = Release|Any CPU
		{B246F80C-B595-4274-A0E2-13528190C090}.Release|ARM.Build.0 = Release|Any CPU
		{B246F80C-B595-4274-A0E2-13528190C090}.Release|ARM.Deploy.0 = Release|Any CPU
		{B246F80C-B595-4274-A0E2-13528190C090}.Release|iPhone.ActiveCfg = Release|Any CPU
		{B246F80C-B595-4274-A0E2-13528190C090}.Release|iPhone.Build.0 = Release|Any CPU
		{B246F80C-B595-4274-A0E2-13528190C090}.Release|iPhone.Deploy.0 = Release|Any CPU
		{B246F80C-B595-4274-A0E2-13528190C090}.Release|iPhoneSimulator.ActiveCfg = Release|Any CPU
		{B246F80C-B595-4274-A0E2-13528190C090}.Release|iPhoneSimulator.Build.0 = Release|Any CPU
		{B246F80C-B595-4274-A0E2-13528190C090}.Release|iPhoneSimulator.Deploy.0 = Release|Any CPU
		{B246F80C-B595-4274-A0E2-13528190C090}.Release|x64.ActiveCfg = Release|Any CPU
		{B246F80C-B595-4274-A0E2-13528190C090}.Release|x64.Build.0 = Release|Any CPU
		{B246F80C-B595-4274-A0E2-13528190C090}.Release|x64.Deploy.0 = Release|Any CPU
		{B246F80C-B595-4274-A0E2-13528190C090}.Release|x86.ActiveCfg = Release|Any CPU
		{B246F80C-B595-4274-A0E2-13528190C090}.Release|x86.Build.0 = Release|Any CPU
		{B246F80C-B595-4274-A0E2-13528190C090}.Release|x86.Deploy.0 = Release|Any CPU
		{71D07743-5CC2-4D33-AB95-6A3F7BA90FE7}.Ad-Hoc|Any CPU.ActiveCfg = Ad-Hoc|iPhone
		{71D07743-5CC2-4D33-AB95-6A3F7BA90FE7}.Ad-Hoc|ARM.ActiveCfg = Ad-Hoc|iPhone
		{71D07743-5CC2-4D33-AB95-6A3F7BA90FE7}.Ad-Hoc|iPhone.ActiveCfg = Ad-Hoc|iPhone
		{71D07743-5CC2-4D33-AB95-6A3F7BA90FE7}.Ad-Hoc|iPhone.Build.0 = Ad-Hoc|iPhone
		{71D07743-5CC2-4D33-AB95-6A3F7BA90FE7}.Ad-Hoc|iPhoneSimulator.ActiveCfg = Ad-Hoc|iPhoneSimulator
		{71D07743-5CC2-4D33-AB95-6A3F7BA90FE7}.Ad-Hoc|iPhoneSimulator.Build.0 = Ad-Hoc|iPhoneSimulator
		{71D07743-5CC2-4D33-AB95-6A3F7BA90FE7}.Ad-Hoc|x64.ActiveCfg = Ad-Hoc|iPhone
		{71D07743-5CC2-4D33-AB95-6A3F7BA90FE7}.Ad-Hoc|x86.ActiveCfg = Ad-Hoc|iPhone
		{71D07743-5CC2-4D33-AB95-6A3F7BA90FE7}.AppStore|Any CPU.ActiveCfg = AppStore|iPhone
		{71D07743-5CC2-4D33-AB95-6A3F7BA90FE7}.AppStore|ARM.ActiveCfg = AppStore|iPhone
		{71D07743-5CC2-4D33-AB95-6A3F7BA90FE7}.AppStore|iPhone.ActiveCfg = AppStore|iPhone
		{71D07743-5CC2-4D33-AB95-6A3F7BA90FE7}.AppStore|iPhone.Build.0 = AppStore|iPhone
		{71D07743-5CC2-4D33-AB95-6A3F7BA90FE7}.AppStore|iPhoneSimulator.ActiveCfg = AppStore|iPhoneSimulator
		{71D07743-5CC2-4D33-AB95-6A3F7BA90FE7}.AppStore|iPhoneSimulator.Build.0 = AppStore|iPhoneSimulator
		{71D07743-5CC2-4D33-AB95-6A3F7BA90FE7}.AppStore|x64.ActiveCfg = AppStore|iPhone
		{71D07743-5CC2-4D33-AB95-6A3F7BA90FE7}.AppStore|x86.ActiveCfg = AppStore|iPhone
		{71D07743-5CC2-4D33-AB95-6A3F7BA90FE7}.Debug|Any CPU.ActiveCfg = Debug|iPhone
		{71D07743-5CC2-4D33-AB95-6A3F7BA90FE7}.Debug|ARM.ActiveCfg = Debug|iPhone
		{71D07743-5CC2-4D33-AB95-6A3F7BA90FE7}.Debug|iPhone.ActiveCfg = Debug|iPhone
		{71D07743-5CC2-4D33-AB95-6A3F7BA90FE7}.Debug|iPhone.Build.0 = Debug|iPhone
		{71D07743-5CC2-4D33-AB95-6A3F7BA90FE7}.Debug|iPhoneSimulator.ActiveCfg = Debug|iPhoneSimulator
		{71D07743-5CC2-4D33-AB95-6A3F7BA90FE7}.Debug|iPhoneSimulator.Build.0 = Debug|iPhoneSimulator
		{71D07743-5CC2-4D33-AB95-6A3F7BA90FE7}.Debug|x64.ActiveCfg = Debug|iPhone
		{71D07743-5CC2-4D33-AB95-6A3F7BA90FE7}.Debug|x86.ActiveCfg = Debug|iPhone
		{71D07743-5CC2-4D33-AB95-6A3F7BA90FE7}.Release|Any CPU.ActiveCfg = Release|iPhone
		{71D07743-5CC2-4D33-AB95-6A3F7BA90FE7}.Release|ARM.ActiveCfg = Release|iPhone
		{71D07743-5CC2-4D33-AB95-6A3F7BA90FE7}.Release|iPhone.ActiveCfg = Release|iPhone
		{71D07743-5CC2-4D33-AB95-6A3F7BA90FE7}.Release|iPhone.Build.0 = Release|iPhone
		{71D07743-5CC2-4D33-AB95-6A3F7BA90FE7}.Release|iPhoneSimulator.ActiveCfg = Release|iPhoneSimulator
		{71D07743-5CC2-4D33-AB95-6A3F7BA90FE7}.Release|iPhoneSimulator.Build.0 = Release|iPhoneSimulator
		{71D07743-5CC2-4D33-AB95-6A3F7BA90FE7}.Release|x64.ActiveCfg = Release|iPhone
		{71D07743-5CC2-4D33-AB95-6A3F7BA90FE7}.Release|x86.ActiveCfg = Release|iPhone
		{0676C624-B35E-4469-917A-B4F5B7CAEF2D}.Ad-Hoc|Any CPU.ActiveCfg = Release|x86
		{0676C624-B35E-4469-917A-B4F5B7CAEF2D}.Ad-Hoc|Any CPU.Build.0 = Release|x86
		{0676C624-B35E-4469-917A-B4F5B7CAEF2D}.Ad-Hoc|Any CPU.Deploy.0 = Release|x86
		{0676C624-B35E-4469-917A-B4F5B7CAEF2D}.Ad-Hoc|ARM.ActiveCfg = Release|ARM
		{0676C624-B35E-4469-917A-B4F5B7CAEF2D}.Ad-Hoc|ARM.Build.0 = Release|ARM
		{0676C624-B35E-4469-917A-B4F5B7CAEF2D}.Ad-Hoc|ARM.Deploy.0 = Release|ARM
		{0676C624-B35E-4469-917A-B4F5B7CAEF2D}.Ad-Hoc|iPhone.ActiveCfg = Release|x86
		{0676C624-B35E-4469-917A-B4F5B7CAEF2D}.Ad-Hoc|iPhone.Build.0 = Release|x86
		{0676C624-B35E-4469-917A-B4F5B7CAEF2D}.Ad-Hoc|iPhone.Deploy.0 = Release|x86
		{0676C624-B35E-4469-917A-B4F5B7CAEF2D}.Ad-Hoc|iPhoneSimulator.ActiveCfg = Release|x86
		{0676C624-B35E-4469-917A-B4F5B7CAEF2D}.Ad-Hoc|iPhoneSimulator.Build.0 = Release|x86
		{0676C624-B35E-4469-917A-B4F5B7CAEF2D}.Ad-Hoc|iPhoneSimulator.Deploy.0 = Release|x86
		{0676C624-B35E-4469-917A-B4F5B7CAEF2D}.Ad-Hoc|x64.ActiveCfg = Release|x64
		{0676C624-B35E-4469-917A-B4F5B7CAEF2D}.Ad-Hoc|x64.Build.0 = Release|x64
		{0676C624-B35E-4469-917A-B4F5B7CAEF2D}.Ad-Hoc|x64.Deploy.0 = Release|x64
		{0676C624-B35E-4469-917A-B4F5B7CAEF2D}.Ad-Hoc|x86.ActiveCfg = Release|x86
		{0676C624-B35E-4469-917A-B4F5B7CAEF2D}.Ad-Hoc|x86.Build.0 = Release|x86
		{0676C624-B35E-4469-917A-B4F5B7CAEF2D}.Ad-Hoc|x86.Deploy.0 = Release|x86
		{0676C624-B35E-4469-917A-B4F5B7CAEF2D}.AppStore|Any CPU.ActiveCfg = Release|x86
		{0676C624-B35E-4469-917A-B4F5B7CAEF2D}.AppStore|Any CPU.Build.0 = Release|x86
		{0676C624-B35E-4469-917A-B4F5B7CAEF2D}.AppStore|Any CPU.Deploy.0 = Release|x86
		{0676C624-B35E-4469-917A-B4F5B7CAEF2D}.AppStore|ARM.ActiveCfg = Release|ARM
		{0676C624-B35E-4469-917A-B4F5B7CAEF2D}.AppStore|ARM.Build.0 = Release|ARM
		{0676C624-B35E-4469-917A-B4F5B7CAEF2D}.AppStore|ARM.Deploy.0 = Release|ARM
		{0676C624-B35E-4469-917A-B4F5B7CAEF2D}.AppStore|iPhone.ActiveCfg = Release|x86
		{0676C624-B35E-4469-917A-B4F5B7CAEF2D}.AppStore|iPhone.Build.0 = Release|x86
		{0676C624-B35E-4469-917A-B4F5B7CAEF2D}.AppStore|iPhone.Deploy.0 = Release|x86
		{0676C624-B35E-4469-917A-B4F5B7CAEF2D}.AppStore|iPhoneSimulator.ActiveCfg = Release|x86
		{0676C624-B35E-4469-917A-B4F5B7CAEF2D}.AppStore|iPhoneSimulator.Build.0 = Release|x86
		{0676C624-B35E-4469-917A-B4F5B7CAEF2D}.AppStore|iPhoneSimulator.Deploy.0 = Release|x86
		{0676C624-B35E-4469-917A-B4F5B7CAEF2D}.AppStore|x64.ActiveCfg = Release|x64
		{0676C624-B35E-4469-917A-B4F5B7CAEF2D}.AppStore|x64.Build.0 = Release|x64
		{0676C624-B35E-4469-917A-B4F5B7CAEF2D}.AppStore|x64.Deploy.0 = Release|x64
		{0676C624-B35E-4469-917A-B4F5B7CAEF2D}.AppStore|x86.ActiveCfg = Release|x86
		{0676C624-B35E-4469-917A-B4F5B7CAEF2D}.AppStore|x86.Build.0 = Release|x86
		{0676C624-B35E-4469-917A-B4F5B7CAEF2D}.AppStore|x86.Deploy.0 = Release|x86
		{0676C624-B35E-4469-917A-B4F5B7CAEF2D}.Debug|Any CPU.ActiveCfg = Debug|x86
		{0676C624-B35E-4469-917A-B4F5B7CAEF2D}.Debug|ARM.ActiveCfg = Debug|ARM
		{0676C624-B35E-4469-917A-B4F5B7CAEF2D}.Debug|ARM.Build.0 = Debug|ARM
		{0676C624-B35E-4469-917A-B4F5B7CAEF2D}.Debug|ARM.Deploy.0 = Debug|ARM
		{0676C624-B35E-4469-917A-B4F5B7CAEF2D}.Debug|iPhone.ActiveCfg = Debug|x86
		{0676C624-B35E-4469-917A-B4F5B7CAEF2D}.Debug|iPhoneSimulator.ActiveCfg = Debug|x86
		{0676C624-B35E-4469-917A-B4F5B7CAEF2D}.Debug|x64.ActiveCfg = Debug|x64
		{0676C624-B35E-4469-917A-B4F5B7CAEF2D}.Debug|x64.Build.0 = Debug|x64
		{0676C624-B35E-4469-917A-B4F5B7CAEF2D}.Debug|x64.Deploy.0 = Debug|x64
		{0676C624-B35E-4469-917A-B4F5B7CAEF2D}.Debug|x86.ActiveCfg = Debug|x86
		{0676C624-B35E-4469-917A-B4F5B7CAEF2D}.Debug|x86.Build.0 = Debug|x86
		{0676C624-B35E-4469-917A-B4F5B7CAEF2D}.Debug|x86.Deploy.0 = Debug|x86
		{0676C624-B35E-4469-917A-B4F5B7CAEF2D}.Release|Any CPU.ActiveCfg = Release|x86
		{0676C624-B35E-4469-917A-B4F5B7CAEF2D}.Release|ARM.ActiveCfg = Release|ARM
		{0676C624-B35E-4469-917A-B4F5B7CAEF2D}.Release|ARM.Build.0 = Release|ARM
		{0676C624-B35E-4469-917A-B4F5B7CAEF2D}.Release|ARM.Deploy.0 = Release|ARM
		{0676C624-B35E-4469-917A-B4F5B7CAEF2D}.Release|iPhone.ActiveCfg = Release|x86
		{0676C624-B35E-4469-917A-B4F5B7CAEF2D}.Release|iPhoneSimulator.ActiveCfg = Release|x86
		{0676C624-B35E-4469-917A-B4F5B7CAEF2D}.Release|x64.ActiveCfg = Release|x64
		{0676C624-B35E-4469-917A-B4F5B7CAEF2D}.Release|x64.Build.0 = Release|x64
		{0676C624-B35E-4469-917A-B4F5B7CAEF2D}.Release|x64.Deploy.0 = Release|x64
		{0676C624-B35E-4469-917A-B4F5B7CAEF2D}.Release|x86.ActiveCfg = Release|x86
		{0676C624-B35E-4469-917A-B4F5B7CAEF2D}.Release|x86.Build.0 = Release|x86
		{0676C624-B35E-4469-917A-B4F5B7CAEF2D}.Release|x86.Deploy.0 = Release|x86
		{17433460-8039-4DEE-977B-BCC5A62A89BE}.Ad-Hoc|Any CPU.ActiveCfg = Debug|Any CPU
		{17433460-8039-4DEE-977B-BCC5A62A89BE}.Ad-Hoc|Any CPU.Build.0 = Debug|Any CPU
		{17433460-8039-4DEE-977B-BCC5A62A89BE}.Ad-Hoc|ARM.ActiveCfg = Debug|Any CPU
		{17433460-8039-4DEE-977B-BCC5A62A89BE}.Ad-Hoc|ARM.Build.0 = Debug|Any CPU
		{17433460-8039-4DEE-977B-BCC5A62A89BE}.Ad-Hoc|iPhone.ActiveCfg = Debug|Any CPU
		{17433460-8039-4DEE-977B-BCC5A62A89BE}.Ad-Hoc|iPhone.Build.0 = Debug|Any CPU
		{17433460-8039-4DEE-977B-BCC5A62A89BE}.Ad-Hoc|iPhoneSimulator.ActiveCfg = Debug|Any CPU
		{17433460-8039-4DEE-977B-BCC5A62A89BE}.Ad-Hoc|iPhoneSimulator.Build.0 = Debug|Any CPU
		{17433460-8039-4DEE-977B-BCC5A62A89BE}.Ad-Hoc|x64.ActiveCfg = Debug|Any CPU
		{17433460-8039-4DEE-977B-BCC5A62A89BE}.Ad-Hoc|x64.Build.0 = Debug|Any CPU
		{17433460-8039-4DEE-977B-BCC5A62A89BE}.Ad-Hoc|x86.ActiveCfg = Debug|Any CPU
		{17433460-8039-4DEE-977B-BCC5A62A89BE}.Ad-Hoc|x86.Build.0 = Debug|Any CPU
		{17433460-8039-4DEE-977B-BCC5A62A89BE}.AppStore|Any CPU.ActiveCfg = Debug|Any CPU
		{17433460-8039-4DEE-977B-BCC5A62A89BE}.AppStore|Any CPU.Build.0 = Debug|Any CPU
		{17433460-8039-4DEE-977B-BCC5A62A89BE}.AppStore|ARM.ActiveCfg = Debug|Any CPU
		{17433460-8039-4DEE-977B-BCC5A62A89BE}.AppStore|ARM.Build.0 = Debug|Any CPU
		{17433460-8039-4DEE-977B-BCC5A62A89BE}.AppStore|iPhone.ActiveCfg = Debug|Any CPU
		{17433460-8039-4DEE-977B-BCC5A62A89BE}.AppStore|iPhone.Build.0 = Debug|Any CPU
		{17433460-8039-4DEE-977B-BCC5A62A89BE}.AppStore|iPhoneSimulator.ActiveCfg = Debug|Any CPU
		{17433460-8039-4DEE-977B-BCC5A62A89BE}.AppStore|iPhoneSimulator.Build.0 = Debug|Any CPU
		{17433460-8039-4DEE-977B-BCC5A62A89BE}.AppStore|x64.ActiveCfg = Debug|Any CPU
		{17433460-8039-4DEE-977B-BCC5A62A89BE}.AppStore|x64.Build.0 = Debug|Any CPU
		{17433460-8039-4DEE-977B-BCC5A62A89BE}.AppStore|x86.ActiveCfg = Debug|Any CPU
		{17433460-8039-4DEE-977B-BCC5A62A89BE}.AppStore|x86.Build.0 = Debug|Any CPU
		{17433460-8039-4DEE-977B-BCC5A62A89BE}.Debug|Any CPU.ActiveCfg = Debug|Any CPU
		{17433460-8039-4DEE-977B-BCC5A62A89BE}.Debug|Any CPU.Build.0 = Debug|Any CPU
		{17433460-8039-4DEE-977B-BCC5A62A89BE}.Debug|ARM.ActiveCfg = Debug|Any CPU
		{17433460-8039-4DEE-977B-BCC5A62A89BE}.Debug|ARM.Build.0 = Debug|Any CPU
		{17433460-8039-4DEE-977B-BCC5A62A89BE}.Debug|iPhone.ActiveCfg = Debug|Any CPU
		{17433460-8039-4DEE-977B-BCC5A62A89BE}.Debug|iPhone.Build.0 = Debug|Any CPU
		{17433460-8039-4DEE-977B-BCC5A62A89BE}.Debug|iPhoneSimulator.ActiveCfg = Debug|Any CPU
		{17433460-8039-4DEE-977B-BCC5A62A89BE}.Debug|iPhoneSimulator.Build.0 = Debug|Any CPU
		{17433460-8039-4DEE-977B-BCC5A62A89BE}.Debug|x64.ActiveCfg = Debug|Any CPU
		{17433460-8039-4DEE-977B-BCC5A62A89BE}.Debug|x64.Build.0 = Debug|Any CPU
		{17433460-8039-4DEE-977B-BCC5A62A89BE}.Debug|x86.ActiveCfg = Debug|Any CPU
		{17433460-8039-4DEE-977B-BCC5A62A89BE}.Debug|x86.Build.0 = Debug|Any CPU
		{17433460-8039-4DEE-977B-BCC5A62A89BE}.Release|Any CPU.ActiveCfg = Release|Any CPU
		{17433460-8039-4DEE-977B-BCC5A62A89BE}.Release|Any CPU.Build.0 = Release|Any CPU
		{17433460-8039-4DEE-977B-BCC5A62A89BE}.Release|ARM.ActiveCfg = Release|Any CPU
		{17433460-8039-4DEE-977B-BCC5A62A89BE}.Release|ARM.Build.0 = Release|Any CPU
		{17433460-8039-4DEE-977B-BCC5A62A89BE}.Release|iPhone.ActiveCfg = Release|Any CPU
		{17433460-8039-4DEE-977B-BCC5A62A89BE}.Release|iPhone.Build.0 = Release|Any CPU
		{17433460-8039-4DEE-977B-BCC5A62A89BE}.Release|iPhoneSimulator.ActiveCfg = Release|Any CPU
		{17433460-8039-4DEE-977B-BCC5A62A89BE}.Release|iPhoneSimulator.Build.0 = Release|Any CPU
		{17433460-8039-4DEE-977B-BCC5A62A89BE}.Release|x64.ActiveCfg = Release|Any CPU
		{17433460-8039-4DEE-977B-BCC5A62A89BE}.Release|x64.Build.0 = Release|Any CPU
		{17433460-8039-4DEE-977B-BCC5A62A89BE}.Release|x86.ActiveCfg = Release|Any CPU
		{17433460-8039-4DEE-977B-BCC5A62A89BE}.Release|x86.Build.0 = Release|Any CPU
	EndGlobalSection
	GlobalSection(SolutionProperties) = preSolution
		HideSolutionNode = FALSE
	EndGlobalSection
	GlobalSection(ExtensibilityGlobals) = postSolution
		SolutionGuid = {ABEFD451-3618-4F61-81A5-BC141C483D76}
	EndGlobalSection
EndGlobal
